{
  "version": 4,
  "terraform_version": "1.3.7",
  "serial": 22,
  "lineage": "c0e0a028-77b1-3917-58bd-9927c0efbf70",
  "outputs": {},
  "resources": [
    {
      "mode": "managed",
      "type": "github_repository",
      "name": "terraform-practice-repo",
      "provider": "provider[\"registry.terraform.io/hashicorp/github\"]",
      "instances": [
        {
          "schema_version": 1,
          "attributes": {
            "allow_auto_merge": false,
            "allow_merge_commit": true,
            "allow_rebase_merge": true,
            "allow_squash_merge": true,
            "allow_update_branch": false,
            "archive_on_destroy": null,
            "archived": false,
            "auto_init": null,
            "default_branch": "main",
            "delete_branch_on_merge": false,
            "description": "This repository contains my Terraform work from various study/practice courses.",
            "etag": "W/\"4daafec80e6fb914f8d29d22672f2bd1864b48b55224f445c2e56d5072f38b8e\"",
            "full_name": "Sylverix/Terraform_Practice_Repo",
            "git_clone_url": "git://github.com/Sylverix/Terraform_Practice_Repo.git",
            "gitignore_template": null,
            "has_discussions": false,
            "has_downloads": false,
            "has_issues": false,
            "has_projects": false,
            "has_wiki": false,
            "homepage_url": "",
            "html_url": "https://github.com/Sylverix/Terraform_Practice_Repo",
            "http_clone_url": "https://github.com/Sylverix/Terraform_Practice_Repo.git",
            "id": "Terraform_Practice_Repo",
            "ignore_vulnerability_alerts_during_read": null,
            "is_template": false,
            "license_template": null,
            "merge_commit_message": "PR_TITLE",
            "merge_commit_title": "MERGE_MESSAGE",
            "name": "Terraform_Practice_Repo",
            "node_id": "R_kgDOI7gkDg",
            "pages": [],
            "private": false,
            "repo_id": 599270414,
            "security_and_analysis": [
              {
                "advanced_security": [],
                "secret_scanning": [
                  {
                    "status": "disabled"
                  }
                ],
                "secret_scanning_push_protection": [
                  {
                    "status": "disabled"
                  }
                ]
              }
            ],
            "squash_merge_commit_message": "COMMIT_MESSAGES",
            "squash_merge_commit_title": "COMMIT_OR_PR_TITLE",
            "ssh_clone_url": "git@github.com:Sylverix/Terraform_Practice_Repo.git",
            "svn_url": "https://github.com/Sylverix/Terraform_Practice_Repo",
            "template": [],
            "topics": null,
            "visibility": "public",
            "vulnerability_alerts": false
          },
          "sensitive_attributes": [],
          "private": "eyJzY2hlbWFfdmVyc2lvbiI6IjEifQ=="
        }
      ]
    }
  ],
  "check_results": null
}
